
Microsoft Visual Studio Solution File, Format Version 12.00
# Visual Studio Version 16
VisualStudioVersion = 16.0.808.4
MinimumVisualStudioVersion = 10.0.40219.1
Project("{FAE04EC0-301F-11D3-BF4B-00C04F79EFBC}") = "CS_133_Projects", "CS_133_Projects\CS_133_Projects.csproj", "{4FB0C914-D3B4-4D76-961B-2C1DB3897625}"
EndProject
Global
	GlobalSection(SolutionConfigurationPlatforms) = preSolution
		Debug|Any CPU = Debug|Any CPU
		Release|Any CPU = Release|Any CPU
	EndGlobalSection
	GlobalSection(ProjectConfigurationPlatforms) = postSolution
		{4FB0C914-D3B4-4D76-961B-2C1DB3897625}.Debug|Any CPU.ActiveCfg = Debug|Any CPU
		{4FB0C914-D3B4-4D76-961B-2C1DB3897625}.Debug|Any CPU.Build.0 = Debug|Any CPU
		{4FB0C914-D3B4-4D76-961B-2C1DB3897625}.Release|Any CPU.ActiveCfg = Release|Any CPU
		{4FB0C914-D3B4-4D76-961B-2C1DB3897625}.Release|Any CPU.Build.0 = Release|Any CPU
	EndGlobalSection
	GlobalSection(SolutionProperties) = preSolution
		HideSolutionNode = FALSE
	EndGlobalSection
	GlobalSection(ExtensibilityGlobals) = postSolution
		SolutionGuid = {27324B9A-0763-42D5-AACB-C61B676850D5}
	EndGlobalSection
EndGlobal
